Microsoft Visual Studio Solution File, Format Version 12.00
# Visual Studio Version 17
VisualStudioVersion = 17.5.2.0
MinimumVisualStudioVersion = 10.0.40219.1
Project("{FAE04EC0-301F-11D3-BF4B-00C04F79EFBC}") = "ExpenseTracker_Api", "ExpenseTracker_Api.csproj", "{4AA516C3-980D-B682-3211-3EB5206DCFEF}"
EndProject
Global
	GlobalSection(SolutionConfigurationPlatforms) = preSolution
		Debug|Any CPU = Debug|Any CPU
		Release|Any CPU = Release|Any CPU
	EndGlobalSection
	GlobalSection(ProjectConfigurationPlatforms) = postSolution
		{4AA516C3-980D-B682-3211-3EB5206DCFEF}.Debug|Any CPU.ActiveCfg = Debug|Any CPU
		{4AA516C3-980D-B682-3211-3EB5206DCFEF}.Debug|Any CPU.Build.0 = Debug|Any CPU
		{4AA516C3-980D-B682-3211-3EB5206DCFEF}.Release|Any CPU.ActiveCfg = Release|Any CPU
		{4AA516C3-980D-B682-3211-3EB5206DCFEF}.Release|Any CPU.Build.0 = Release|Any CPU
	EndGlobalSection
	GlobalSection(SolutionProperties) = preSolution
		HideSolutionNode = FALSE
	EndGlobalSection
	GlobalSection(ExtensibilityGlobals) = postSolution
		SolutionGuid = {D44CED33-1AF5-472B-B90F-C0E8F24B1BD2}
	EndGlobalSection
EndGlobal
